
Microsoft Visual Studio Solution File, Format Version 12.00
# Visual Studio 15
VisualStudioVersion = 15.0.28307.329
MinimumVisualStudioVersion = 10.0.40219.1
Project("{9A19103F-16F7-4668-BE54-9A1E7A4F7556}") = "CustomerManager.Api", "CustomerManager.Api\CustomerManager.Api.csproj", "{5FEEC6DC-FDB9-47DE-9226-2BD5C02397B8}"
EndProject
Project("{9A19103F-16F7-4668-BE54-9A1E7A4F7556}") = "CustomerManager.Core", "CustomerManager.Core\CustomerManager.Core.csproj", "{21FE8DBF-EAF5-4B5A-AF0B-1B7739AB262E}"
EndProject
Project("{FAE04EC0-301F-11D3-BF4B-00C04F79EFBC}") = "CustomerManager.Tests", "CustomerManager.Tests\CustomerManager.Tests.csproj", "{92E1D892-8174-4D8C-A47E-2F7EBDACE50E}"
EndProject
Global
	GlobalSection(SolutionConfigurationPlatforms) = preSolution
		Debug|Any CPU = Debug|Any CPU
		Release|Any CPU = Release|Any CPU
	EndGlobalSection
	GlobalSection(ProjectConfigurationPlatforms) = postSolution
		{5FEEC6DC-FDB9-47DE-9226-2BD5C02397B8}.Debug|Any CPU.ActiveCfg = Debug|Any CPU
		{5FEEC6DC-FDB9-47DE-9226-2BD5C02397B8}.Debug|Any CPU.Build.0 = Debug|Any CPU
		{5FEEC6DC-FDB9-47DE-9226-2BD5C02397B8}.Release|Any CPU.ActiveCfg = Release|Any CPU
		{5FEEC6DC-FDB9-47DE-9226-2BD5C02397B8}.Release|Any CPU.Build.0 = Release|Any CPU
		{21FE8DBF-EAF5-4B5A-AF0B-1B7739AB262E}.Debug|Any CPU.ActiveCfg = Debug|Any CPU
		{21FE8DBF-EAF5-4B5A-AF0B-1B7739AB262E}.Debug|Any CPU.Build.0 = Debug|Any CPU
		{21FE8DBF-EAF5-4B5A-AF0B-1B7739AB262E}.Release|Any CPU.ActiveCfg = Release|Any CPU
		{21FE8DBF-EAF5-4B5A-AF0B-1B7739AB262E}.Release|Any CPU.Build.0 = Release|Any CPU
		{92E1D892-8174-4D8C-A47E-2F7EBDACE50E}.Debug|Any CPU.ActiveCfg = Debug|Any CPU
		{92E1D892-8174-4D8C-A47E-2F7EBDACE50E}.Debug|Any CPU.Build.0 = Debug|Any CPU
		{92E1D892-8174-4D8C-A47E-2F7EBDACE50E}.Release|Any CPU.ActiveCfg = Release|Any CPU
		{92E1D892-8174-4D8C-A47E-2F7EBDACE50E}.Release|Any CPU.Build.0 = Release|Any CPU
	EndGlobalSection
	GlobalSection(SolutionProperties) = preSolution
		HideSolutionNode = FALSE
	EndGlobalSection
	GlobalSection(ExtensibilityGlobals) = postSolution
		SolutionGuid = {666AD4AF-F616-494F-915B-4CD78C7A5735}
	EndGlobalSection
EndGlobal
